// !$*UTF8*$!
{
	archiveVersion = 1;
	classes = {
	};
	objectVersion = 50;
	objects = {

/* Begin PBXBuildFile section */
		9A148F2422FBA33C00EB1073 /* AppDelegate.swift in Sources */ = {isa = PBXBuildFile; fileRef = 9A148F2322FBA33C00EB1073 /* AppDelegate.swift */; };
		9A148F2622FBA33C00EB1073 /* ViewController.swift in Sources */ = {isa = PBXBuildFile; fileRef = 9A148F2522FBA33C00EB1073 /* ViewController.swift */; };
		9A148F2922FBA33C00EB1073 /* Main.storyboard in Resources */ = {isa = PBXBuildFile; fileRef = 9A148F2722FBA33C00EB1073 /* Main.storyboard */; };
		9A148F2B22FBA33C00EB1073 /* Assets.xcassets in Resources */ = {isa = PBXBuildFile; fileRef = 9A148F2A22FBA33C00EB1073 /* Assets.xcassets */; };
		9A148F2E22FBA33C00EB1073 /* LaunchScreen.storyboard in Resources */ = {isa = PBXBuildFile; fileRef = 9A148F2C22FBA33C00EB1073 /* LaunchScreen.storyboard */; };
		9A148F3922FBA33C00EB1073 /* LoginTests.swift in Sources */ = {isa = PBXBuildFile; fileRef = 9A148F3822FBA33C00EB1073 /* LoginTests.swift */; };
		9A148F4422FBA33C00EB1073 /* LoginUITests.swift in Sources */ = {isa = PBXBuildFile; fileRef = 9A148F4322FBA33C00EB1073 /* LoginUITests.swift */; };
/* End PBXBuildFile section */

/* Begin PBXContainerItemProxy section */
		9A148F3522FBA33C00EB1073 /* PBXContainerItemProxy */ = {
			isa = PBXContainerItemProxy;
			containerPortal = 9A148F1822FBA33C00EB1073 /* Project object */;
			proxyType = 1;
			remoteGlobalIDString = 9A148F1F22FBA33C00EB1073;
			remoteInfo = Login;
		};
		9A148F4022FBA33C00EB1073 /* PBXContainerItemProxy */ = {
			isa = PBXContainerItemProxy;
			containerPortal = 9A148F1822FBA33C00EB1073 /* Project object */;
			proxyType = 1;
			remoteGlobalIDString = 9A148F1F22FBA33C00EB1073;
			remoteInfo = Login;
		};
/* End PBXContainerItemProxy section */

/* Begin PBXFileReference section */
		9A148F2022FBA33C00EB1073 /* Login.app */ = {isa = PBXFileReference; explicitFileType = wrapper.application; includeInIndex = 0; path = Login.app; sourceTree = BUILT_PRODUCTS_DIR; };
		9A148F2322FBA33C00EB1073 /* AppDelegate.swift */ = {isa = PBXFileReference; lastKnownFileType = sourcecode.swift; path = AppDelegate.swift; sourceTree = "<group>"; };
		9A148F2522FBA33C00EB1073 /* ViewController.swift */ = {isa = PBXFileReference; lastKnownFileType = sourcecode.swift; path = ViewController.swift; sourceTree = "<group>"; };
		9A148F2822FBA33C00EB1073 /* Base */ = {isa = PBXFileReference; lastKnownFileType = file.storyboard; name = Base; path = Base.lproj/Main.storyboard; sourceTree = "<group>"; };
		9A148F2A22FBA33C00EB1073 /* Assets.xcassets */ = {isa = PBXFileReference; lastKnownFileType = folder.assetcatalog; path = Assets.xcassets; sourceTree = "<group>"; };
		9A148F2D22FBA33C00EB1073 /* Base */ = {isa = PBXFileReference; lastKnownFileType = file.storyboard; name = Base; path = Base.lproj/LaunchScreen.storyboard; sourceTree = "<group>"; };
		9A148F2F22FBA33C00EB1073 /* Info.plist */ = {isa = PBXFileReference; lastKnownFileType = text.plist.xml; path = Info.plist; sourceTree = "<group>"; };
		9A148F3422FBA33C00EB1073 /* LoginTests.xctest */ = {isa = PBXFileReference; explicitFileType = wrapper.cfbundle; includeInIndex = 0; path = LoginTests.xctest; sourceTree = BUILT_PRODUCTS_DIR; };
		9A148F3822FBA33C00EB1073 /* LoginTests.swift */ = {isa = PBXFileReference; lastKnownFileType = sourcecode.swift; path = LoginTests.swift; sourceTree = "<group>"; };
		9A148F3A22FBA33C00EB1073 /* Info.plist */ = {isa = PBXFileReference; lastKnownFileType = text.plist.xml; path = Info.plist; sourceTree = "<group>"; };
		9A148F3F22FBA33C00EB1073 /* LoginUITests.xctest */ = {isa = PBXFileReference; explicitFileType = wrapper.cfbundle; includeInIndex = 0; path = LoginUITests.xctest; sourceTree = BUILT_PRODUCTS_DIR; };
		9A148F4322FBA33C00EB1073 /* LoginUITests.swift */ = {isa = PBXFileReference; lastKnownFileType = sourcecode.swift; path = LoginUITests.swift; sourceTree = "<group>"; };
		9A148F4522FBA33C00EB1073 /* Info.plist */ = {isa = PBXFileReference; lastKnownFileType = text.plist.xml; path = Info.plist; sourceTree = "<group>"; };
/* End PBXFileReference section */

/* Begin PBXFrameworksBuildPhase section */
		9A148F1D22FBA33C00EB1073 /* Frameworks */ = {
			isa = PBXFrameworksBuildPhase;
			buildActionMask = 2147483647;
			files = (
			);
			runOnlyForDeploymentPostprocessing = 0;
		};
		9A148F3122FBA33C00EB1073 /* Frameworks */ = {
			isa = PBXFrameworksBuildPhase;
			buildActionMask = 2147483647;
			files = (
			);
			runOnlyForDeploymentPostprocessing = 0;
		};
		9A148F3C22FBA33C00EB1073 /* Frameworks */ = {
			isa = PBXFrameworksBuildPhase;
			buildActionMask = 2147483647;
			files = (
			);
			runOnlyForDeploymentPostprocessing = 0;
		};
/* End PBXFrameworksBuildPhase section */

/* Begin PBXGroup section */
		9A148F1722FBA33C00EB1073 = {
			isa = PBXGroup;
			children = (
				9A148F2222FBA33C00EB1073 /* Login */,
				9A148F3722FBA33C00EB1073 /* LoginTests */,
				9A148F4222FBA33C00EB1073 /* LoginUITests */,
				9A148F2122FBA33C00EB1073 /* Products */,
			);
			sourceTree = "<group>";
		};
		9A148F2122FBA33C00EB1073 /* Products */ = {
			isa = PBXGroup;
			children = (
				9A148F2022FBA33C00EB1073 /* Login.app */,
				9A148F3422FBA33C00EB1073 /* LoginTests.xctest */,
				9A148F3F22FBA33C00EB1073 /* LoginUITests.xctest */,
			);
			name = Products;
			sourceTree = "<group>";
		};
		9A148F2222FBA33C00EB1073 /* Login */ = {
			isa = PBXGroup;
			children = (
				9A148F2322FBA33C00EB1073 /* AppDelegate.swift */,
				9A148F2522FBA33C00EB1073 /* ViewController.swift */,
				9A148F2722FBA33C00EB1073 /* Main.storyboard */,
				9A148F2A22FBA33C00EB1073 /* Assets.xcassets */,
				9A148F2C22FBA33C00EB1073 /* LaunchScreen.storyboard */,
				9A148F2F22FBA33C00EB1073 /* Info.plist */,
			);
			path = Login;
			sourceTree = "<group>";
		};
		9A148F3722FBA33C00EB1073 /* LoginTests */ = {
			isa = PBXGroup;
			children = (
				9A148F3822FBA33C00EB1073 /* LoginTests.swift */,
				9A148F3A22FBA33C00EB1073 /* Info.plist */,
			);
			path = LoginTests;
			sourceTree = "<group>";
		};
		9A148F4222FBA33C00EB1073 /* LoginUITests */ = {
			isa = PBXGroup;
			children = (
				9A148F4322FBA33C00EB1073 /* LoginUITests.swift */,
				9A148F4522FBA33C00EB1073 /* Info.plist */,
			);
			path = LoginUITests;
			sourceTree = "<group>";
		};
/* End PBXGroup section */

/* Begin PBXNativeTarget section */
		9A148F1F22FBA33C00EB1073 /* Login */ = {
			isa = PBXNativeTarget;
			buildConfigurationList = 9A148F4822FBA33C00EB1073 /* Build configuration list for PBXNativeTarget "Login" */;
			buildPhases = (
				9A148F1C22FBA33C00EB1073 /* Sources */,
				9A148F1D22FBA33C00EB1073 /* Frameworks */,
				9A148F1E22FBA33C00EB1073 /* Resources */,
			);
			buildRules = (
			);
			dependencies = (
			);
			name = Login;
			productName = Login;
			productReference = 9A148F2022FBA33C00EB1073 /* Login.app */;
			productType = "com.apple.product-type.application";
		};
		9A148F3322FBA33C00EB1073 /* LoginTests */ = {
			isa = PBXNativeTarget;
			buildConfigurationList = 9A148F4B22FBA33C00EB1073 /* Build configuration list for PBXNativeTarget "LoginTests" */;
			buildPhases = (
				9A148F3022FBA33C00EB1073 /* Sources */,
				9A148F3122FBA33C00EB1073 /* Frameworks */,
				9A148F3222FBA33C00EB1073 /* Resources */,
			);
			buildRules = (
			);
			dependencies = (
				9A148F3622FBA33C00EB1073 /* PBXTargetDependency */,
			);
			name = LoginTests;
			productName = LoginTests;
			productReference = 9A148F3422FBA33C00EB1073 /* LoginTests.xctest */;
			productType = "com.apple.product-type.bundle.unit-test";
		};
		9A148F3E22FBA33C00EB1073 /* LoginUITests */ = {
			isa = PBXNativeTarget;
			buildConfigurationList = 9A148F4E22FBA33C00EB1073 /* Build configuration list for PBXNativeTarget "LoginUITests" */;
			buildPhases = (
				9A148F3B22FBA33C00EB1073 /* Sources */,
				9A148F3C22FBA33C00EB1073 /* Frameworks */,
				9A148F3D22FBA33C00EB1073 /* Resources */,
			);
			buildRules = (
			);
			dependencies = (
				9A148F4122FBA33C00EB1073 /* PBXTargetDependency */,
			);
			name = LoginUITests;
			productName = LoginUITests;
			productReference = 9A148F3F22FBA33C00EB1073 /* LoginUITests.xctest */;
			productType = "com.apple.product-type.bundle.ui-testing";
		};
/* End PBXNativeTarget section */

/* Begin PBXProject section */
		9A148F1822FBA33C00EB1073 /* Project object */ = {
			isa = PBXProject;
			attributes = {
				LastSwiftUpdateCheck = 1030;
				LastUpgradeCheck = 1030;
				ORGANIZATIONNAME = "Karina Bosak";
				TargetAttributes = {
					9A148F1F22FBA33C00EB1073 = {
						CreatedOnToolsVersion = 10.3;
					};
					9A148F3322FBA33C00EB1073 = {
						CreatedOnToolsVersion = 10.3;
						TestTargetID = 9A148F1F22FBA33C00EB1073;
					};
					9A148F3E22FBA33C00EB1073 = {
						CreatedOnToolsVersion = 10.3;
						TestTargetID = 9A148F1F22FBA33C00EB1073;
					};
				};
			};
			buildConfigurationList = 9A148F1B22FBA33C00EB1073 /* Build configuration list for PBXProject "Login" */;
			compatibilityVersion = "Xcode 9.3";
			developmentRegion = en;
			hasScannedForEncodings = 0;
			knownRegions = (
				en,
				Base,
			);
			mainGroup = 9A148F1722FBA33C00EB1073;
			productRefGroup = 9A148F2122FBA33C00EB1073 /* Products */;
			projectDirPath = "";
			projectRoot = "";
			targets = (
				9A148F1F22FBA33C00EB1073 /* Login */,
				9A148F3322FBA33C00EB1073 /* LoginTests */,
				9A148F3E22FBA33C00EB1073 /* LoginUITests */,
			);
		};
/* End PBXProject section */

/* Begin PBXResourcesBuildPhase section */
		9A148F1E22FBA33C00EB1073 /* Resources */ = {
			isa = PBXResourcesBuildPhase;
			buildActionMask = 2147483647;
			files = (
				9A148F2E22FBA33C00EB1073 /* LaunchScreen.storyboard in Resources */,
				9A148F2B22FBA33C00EB1073 /* Assets.xcassets in Resources */,
				9A148F2922FBA33C00EB1073 /* Main.storyboard in Resources */,
			);
			runOnlyForDeploymentPostprocessing = 0;
		};
		9A148F3222FBA33C00EB1073 /* Resources */ = {
			isa = PBXResourcesBuildPhase;
			buildActionMask = 2147483647;
			files = (
			);
			runOnlyForDeploymentPostprocessing = 0;
		};
		9A148F3D22FBA33C00EB1073 /* Resources */ = {
			isa = PBXResourcesBuildPhase;
			buildActionMask = 2147483647;
			files = (
			);
			runOnlyForDeploymentPostprocessing = 0;
		};
/* End PBXResourcesBuildPhase section */

/* Begin PBXSourcesBuildPhase section */
		9A148F1C22FBA33C00EB1073 /* Sources */ = {
			isa = PBXSourcesBuildPhase;
			buildActionMask = 2147483647;
			files = (
				9A148F2622FBA33C00EB1073 /* ViewController.swift in Sources */,
				9A148F2422FBA33C00EB1073 /* AppDelegate.swift in Sources */,
			);
			runOnlyForDeploymentPostprocessing = 0;
		};
		9A148F3022FBA33C00EB1073 /* Sources */ = {
			isa = PBXSourcesBuildPhase;
			buildActionMask = 2147483647;
			files = (
				9A148F3922FBA33C00EB1073 /* LoginTests.swift in Sources */,
			);
			runOnlyForDeploymentPostprocessing = 0;
		};
		9A148F3B22FBA33C00EB1073 /* Sources */ = {
			isa = PBXSourcesBuildPhase;
			buildActionMask = 2147483647;
			files = (
				9A148F4422FBA33C00EB1073 /* LoginUITests.swift in Sources */,
			);
			runOnlyForDeploymentPostprocessing = 0;
		};
/* End PBXSourcesBuildPhase section */

/* Begin PBXTargetDependency section */
		9A148F3622FBA33C00EB1073 /* PBXTargetDependency */ = {
			isa = PBXTargetDependency;
			target = 9A148F1F22FBA33C00EB1073 /* Login */;
			targetProxy = 9A148F3522FBA33C00EB1073 /* PBXContainerItemProxy */;
		};
		9A148F4122FBA33C00EB1073 /* PBXTargetDependency */ = {
			isa = PBXTargetDependency;
			target = 9A148F1F22FBA33C00EB1073 /* Login */;
			targetProxy = 9A148F4022FBA33C00EB1073 /* PBXContainerItemProxy */;
		};
/* End PBXTargetDependency section */

/* Begin PBXVariantGroup section */
		9A148F2722FBA33C00EB1073 /* Main.storyboard */ = {
			isa = PBXVariantGroup;
			children = (
				9A148F2822FBA33C00EB1073 /* Base */,
			);
			name = Main.storyboard;
			sourceTree = "<group>";
		};
		9A148F2C22FBA33C00EB1073 /* LaunchScreen.storyboard */ = {
			isa = PBXVariantGroup;
			children = (
				9A148F2D22FBA33C00EB1073 /* Base */,
			);
			name = LaunchScreen.storyboard;
			sourceTree = "<group>";
		};
/* End PBXVariantGroup section */

/* Begin XCBuildConfiguration section */
		9A148F4622FBA33C00EB1073 /* Debug */ = {
			isa = XCBuildConfiguration;
			buildSettings = {
				ALWAYS_SEARCH_USER_PATHS = NO;
				CLANG_ANALYZER_NONNULL = YES;
				CLANG_ANALYZER_NUMBER_OBJECT_CONVERSION = YES_AGGRESSIVE;
				CLANG_CXX_LANGUAGE_STANDARD = "gnu++14";
				CLANG_CXX_LIBRARY = "libc++";
				CLANG_ENABLE_MODULES = YES;
				CLANG_ENABLE_OBJC_ARC = YES;
				CLANG_ENABLE_OBJC_WEAK = YES;
				CLANG_WARN_BLOCK_CAPTURE_AUTORELEASING = YES;
				CLANG_WARN_BOOL_CONVERSION = YES;
				CLANG_WARN_COMMA = YES;
				CLANG_WARN_CONSTANT_CONVERSION = YES;
				CLANG_WARN_DEPRECATED_OBJC_IMPLEMENTATIONS = YES;
				CLANG_WARN_DIRECT_OBJC_ISA_USAGE = YES_ERROR;
				CLANG_WARN_DOCUMENTATION_COMMENTS = YES;
				CLANG_WARN_EMPTY_BODY = YES;
				CLANG_WARN_ENUM_CONVERSION = YES;
				CLANG_WARN_INFINITE_RECURSION = YES;
				CLANG_WARN_INT_CONVERSION = YES;
				CLANG_WARN_NON_LITERAL_NULL_CONVERSION = YES;
				CLANG_WARN_OBJC_IMPLICIT_RETAIN_SELF = YES;
				CLANG_WARN_OBJC_LITERAL_CONVERSION = YES;
				CLANG_WARN_OBJC_ROOT_CLASS = YES_ERROR;
				CLANG_WARN_RANGE_LOOP_ANALYSIS = YES;
				CLANG_WARN_STRICT_PROTOTYPES = YES;
				CLANG_WARN_SUSPICIOUS_MOVE = YES;
				CLANG_WARN_UNGUARDED_AVAILABILITY = YES_AGGRESSIVE;
				CLANG_WARN_UNREACHABLE_CODE = YES;
				CLANG_WARN__DUPLICATE_METHOD_MATCH = YES;
				CODE_SIGN_IDENTITY = "iPhone Developer";
				COPY_PHASE_STRIP = NO;
				DEBUG_INFORMATION_FORMAT = dwarf;
				ENABLE_STRICT_OBJC_MSGSEND = YES;
				ENABLE_TESTABILITY = YES;
				GCC_C_LANGUAGE_STANDARD = gnu11;
				GCC_DYNAMIC_NO_PIC = NO;
				GCC_NO_COMMON_BLOCKS = YES;
				GCC_OPTIMIZATION_LEVEL = 0;
				GCC_PREPROCESSOR_DEFINITIONS = (
					"DEBUG=1",
					"$(inherited)",
				);
				GCC_WARN_64_TO_32_BIT_CONVERSION = YES;
				GCC_WARN_ABOUT_RETURN_TYPE = YES_ERROR;
				GCC_WARN_UNDECLARED_SELECTOR = YES;
				GCC_WARN_UNINITIALIZED_AUTOS = YES_AGGRESSIVE;
				GCC_WARN_UNUSED_FUNCTION = YES;
				GCC_WARN_UNUSED_VARIABLE = YES;
				IPHONEOS_DEPLOYMENT_TARGET = 12.4;
				MTL_ENABLE_DEBUG_INFO = INCLUDE_SOURCE;
				MTL_FAST_MATH = YES;
				ONLY_ACTIVE_ARCH = YES;
				SDKROOT = iphoneos;
				SWIFT_ACTIVE_COMPILATION_CONDITIONS = DEBUG;
				SWIFT_OPTIMIZATION_LEVEL = "-Onone";
			};
			name = Debug;
		};
		9A148F4722FBA33C00EB1073 /* Release */ = {
			isa = XCBuildConfiguration;
			buildSettings = {
				ALWAYS_SEARCH_USER_PATHS = NO;
				CLANG_ANALYZER_NONNULL = YES;
				CLANG_ANALYZER_NUMBER_OBJECT_CONVERSION = YES_AGGRESSIVE;
				CLANG_CXX_LANGUAGE_STANDARD = "gnu++14";
				CLANG_CXX_LIBRARY = "libc++";
				CLANG_ENABLE_MODULES = YES;
				CLANG_ENABLE_OBJC_ARC = YES;
				CLANG_ENABLE_OBJC_WEAK = YES;
				CLANG_WARN_BLOCK_CAPTURE_AUTORELEASING = YES;
				CLANG_WARN_BOOL_CONVERSION = YES;
				CLANG_WARN_COMMA = YES;
				CLANG_WARN_CONSTANT_CONVERSION = YES;
				CLANG_WARN_DEPRECATED_OBJC_IMPLEMENTATIONS = YES;
				CLANG_WARN_DIRECT_OBJC_ISA_USAGE = YES_ERROR;
				CLANG_WARN_DOCUMENTATION_COMMENTS = YES;
				CLANG_WARN_EMPTY_BODY = YES;
				CLANG_WARN_ENUM_CONVERSION = YES;
				CLANG_WARN_INFINITE_RECURSION = YES;
				CLANG_WARN_INT_CONVERSION = YES;
				CLANG_WARN_NON_LITERAL_NULL_CONVERSION = YES;
				CLANG_WARN_OBJC_IMPLICIT_RETAIN_SELF = YES;
				CLANG_WARN_OBJC_LITERAL_CONVERSION = YES;
				CLANG_WARN_OBJC_ROOT_CLASS = YES_ERROR;
				CLANG_WARN_RANGE_LOOP_ANALYSIS = YES;
				CLANG_WARN_STRICT_PROTOTYPES = YES;
				CLANG_WARN_SUSPICIOUS_MOVE = YES;
				CLANG_WARN_UNGUARDED_AVAILABILITY = YES_AGGRESSIVE;
				CLANG_WARN_UNREACHABLE_CODE = YES;
				CLANG_WARN__DUPLICATE_METHOD_MATCH = YES;
				CODE_SIGN_IDENTITY = "iPhone Developer";
				COPY_PHASE_STRIP = NO;
				DEBUG_INFORMATION_FORMAT = "dwarf-with-dsym";
				ENABLE_NS_ASSERTIONS = NO;
				ENABLE_STRICT_OBJC_MSGSEND = YES;
				GCC_C_LANGUAGE_STANDARD = gnu11;
				GCC_NO_COMMON_BLOCKS = YES;
				GCC_WARN_64_TO_32_BIT_CONVERSION = YES;
				GCC_WARN_ABOUT_RETURN_TYPE = YES_ERROR;
				GCC_WARN_UNDECLARED_SELECTOR = YES;
				GCC_WARN_UNINITIALIZED_AUTOS = YES_AGGRESSIVE;
				GCC_WARN_UNUSED_FUNCTION = YES;
				GCC_WARN_UNUSED_VARIABLE = YES;
				IPHONEOS_DEPLOYMENT_TARGET = 12.4;
				MTL_ENABLE_DEBUG_INFO = NO;
				MTL_FAST_MATH = YES;
				SDKROOT = iphoneos;
				SWIFT_COMPILATION_MODE = wholemodule;
				SWIFT_OPTIMIZATION_LEVEL = "-O";
				VALIDATE_PRODUCT = YES;
			};
			name = Release;
		};
		9A148F4922FBA33C00EB1073 /* Debug */ = {
			isa = XCBuildConfiguration;
			buildSettings = {
				ASSETCATALOG_COMPILER_APPICON_NAME = AppIcon;
				CODE_SIGN_STYLE = Automatic;
				DEVELOPMENT_TEAM = 45N68S6Q35;
				INFOPLIST_FILE = Login/Info.plist;
				LD_RUNPATH_SEARCH_PATHS = (
					"$(inherited)",
					"@executable_path/Frameworks",
				);
				PRODUCT_BUNDLE_IDENTIFIER = bosak.in.Login;
				PRODUCT_NAME = "$(TARGET_NAME)";
				SWIFT_VERSION = 5.0;
				TARGETED_DEVICE_FAMILY = "1,2";
			};
			name = Debug;
		};
		9A148F4A22FBA33C00EB1073 /* Release */ = {
			isa = XCBuildConfiguration;
			buildSettings = {
				ASSETCATALOG_COMPILER_APPICON_NAME = AppIcon;
				CODE_SIGN_STYLE = Automatic;
				DEVELOPMENT_TEAM = 45N68S6Q35;
				INFOPLIST_FILE = Login/Info.plist;
				LD_RUNPATH_SEARCH_PATHS = (
					"$(inherited)",
					"@executable_path/Frameworks",
				);
				PRODUCT_BUNDLE_IDENTIFIER = bosak.in.Login;
				PRODUCT_NAME = "$(TARGET_NAME)";
				SWIFT_VERSION = 5.0;
				TARGETED_DEVICE_FAMILY = "1,2";
			};
			name = Release;
		};
		9A148F4C22FBA33C00EB1073 /* Debug */ = {
			isa = XCBuildConfiguration;
			buildSettings = {
				ALWAYS_EMBED_SWIFT_STANDARD_LIBRARIES = YES;
				BUNDLE_LOADER = "$(TEST_HOST)";
				CODE_SIGN_STYLE = Automatic;
				DEVELOPMENT_TEAM = 45N68S6Q35;
				INFOPLIST_FILE = LoginTests/Info.plist;
				LD_RUNPATH_SEARCH_PATHS = (
					"$(inherited)",
					"@executable_path/Frameworks",
					"@loader_path/Frameworks",
				);
				PRODUCT_BUNDLE_IDENTIFIER = bosak.in.LoginTests;
				PRODUCT_NAME = "$(TARGET_NAME)";
				SWIFT_VERSION = 5.0;
				TARGETED_DEVICE_FAMILY = "1,2";
				TEST_HOST = "$(BUILT_PRODUCTS_DIR)/Login.app/Login";
			};
			name = Debug;
		};
		9A148F4D22FBA33C00EB1073 /* Release */ = {
			isa = XCBuildConfiguration;
			buildSettings = {
				ALWAYS_EMBED_SWIFT_STANDARD_LIBRARIES = YES;
				BUNDLE_LOADER = "$(TEST_HOST)";
				CODE_SIGN_STYLE = Automatic;
				DEVELOPMENT_TEAM = 45N68S6Q35;
				INFOPLIST_FILE = LoginTests/Info.plist;
				LD_RUNPATH_SEARCH_PATHS = (
					"$(inherited)",
					"@executable_path/Frameworks",
					"@loader_path/Frameworks",
				);
				PRODUCT_BUNDLE_IDENTIFIER = bosak.in.LoginTests;
				PRODUCT_NAME = "$(TARGET_NAME)";
				SWIFT_VERSION = 5.0;
				TARGETED_DEVICE_FAMILY = "1,2";
				TEST_HOST = "$(BUILT_PRODUCTS_DIR)/Login.app/Login";
			};
			name = Release;
		};
		9A148F4F22FBA33C00EB1073 /* Debug */ = {
			isa = XCBuildConfiguration;
			buildSettings = {
				ALWAYS_EMBED_SWIFT_STANDARD_LIBRARIES = YES;
				CODE_SIGN_STYLE = Automatic;
				DEVELOPMENT_TEAM = 45N68S6Q35;
				INFOPLIST_FILE = LoginUITests/Info.plist;
				LD_RUNPATH_SEARCH_PATHS = (
					"$(inherited)",
					"@executable_path/Frameworks",
					"@loader_path/Frameworks",
				);
				PRODUCT_BUNDLE_IDENTIFIER = bosak.in.LoginUITests;
				PRODUCT_NAME = "$(TARGET_NAME)";
				SWIFT_VERSION = 5.0;
				TARGETED_DEVICE_FAMILY = "1,2";
				TEST_TARGET_NAME = Login;
			};
			name = Debug;
		};
		9A148F5022FBA33C00EB1073 /* Release */ = {
			isa = XCBuildConfiguration;
			buildSettings = {
				ALWAYS_EMBED_SWIFT_STANDARD_LIBRARIES = YES;
				CODE_SIGN_STYLE = Automatic;
				DEVELOPMENT_TEAM = 45N68S6Q35;
				INFOPLIST_FILE = LoginUITests/Info.plist;
				LD_RUNPATH_SEARCH_PATHS = (
					"$(inherited)",
					"@executable_path/Frameworks",
					"@loader_path/Frameworks",
				);
				PRODUCT_BUNDLE_IDENTIFIER = bosak.in.LoginUITests;
				PRODUCT_NAME = "$(TARGET_NAME)";
				SWIFT_VERSION = 5.0;
				TARGETED_DEVICE_FAMILY = "1,2";
				TEST_TARGET_NAME = Login;
			};
			name = Release;
		};
/* End XCBuildConfiguration section */

/* Begin XCConfigurationList section */
		9A148F1B22FBA33C00EB1073 /* Build configuration list for PBXProject "Login" */ = {
			isa = XCConfigurationList;
			buildConfigurations = (
				9A148F4622FBA33C00EB1073 /* Debug */,
				9A148F4722FBA33C00EB1073 /* Release */,
			);
			defaultConfigurationIsVisible = 0;
			defaultConfigurationName = Release;
		};
		9A148F4822FBA33C00EB1073 /* Build configuration list for PBXNativeTarget "Login" */ = {
			isa = XCConfigurationList;
			buildConfigurations = (
				9A148F4922FBA33C00EB1073 /* Debug */,
				9A148F4A22FBA33C00EB1073 /* Release */,
			);
			defaultConfigurationIsVisible = 0;
			defaultConfigurationName = Release;
		};
		9A148F4B22FBA33C00EB1073 /* Build configuration list for PBXNativeTarget "LoginTests" */ = {
			isa = XCConfigurationList;
			buildConfigurations = (
				9A148F4C22FBA33C00EB1073 /* Debug */,
				9A148F4D22FBA33C00EB1073 /* Release */,
			);
			defaultConfigurationIsVisible = 0;
			defaultConfigurationName = Release;
		};
		9A148F4E22FBA33C00EB1073 /* Build configuration list for PBXNativeTarget "LoginUITests" */ = {
			isa = XCConfigurationList;
			buildConfigurations = (
				9A148F4F22FBA33C00EB1073 /* Debug */,
				9A148F5022FBA33C00EB1073 /* Release */,
			);
			defaultConfigurationIsVisible = 0;
			defaultConfigurationName = Release;
		};
/* End XCConfigurationList section */
	};
	rootObject = 9A148F1822FBA33C00EB1073 /* Project object */;
}
